
Microsoft Visual Studio Solution File, Format Version 12.00
# Visual Studio Version 16
VisualStudioVersion = 16.0.31624.102
MinimumVisualStudioVersion = 10.0.40219.1
Project("{8BC9CEB8-8B4A-11D0-8D11-00A0C91BC942}") = "lab_7.1", "lab_7.1\lab_7.1.vcxproj", "{A5785DD6-4BED-47D9-B4A1-A25BC6BE19E7}"
EndProject
Project("{8BC9CEB8-8B4A-11D0-8D11-00A0C91BC942}") = "UnitTest_7.1_iter", "UnitTest_7.1_iter\UnitTest_7.1_iter.vcxproj", "{40AF29C7-4F72-4779-A7F2-49C1E562D964}"
EndProject
Global
	GlobalSection(SolutionConfigurationPlatforms) = preSolution
		Debug|x64 = Debug|x64
		Debug|x86 = Debug|x86
		Release|x64 = Release|x64
		Release|x86 = Release|x86
	EndGlobalSection
	GlobalSection(ProjectConfigurationPlatforms) = postSolution
		{A5785DD6-4BED-47D9-B4A1-A25BC6BE19E7}.Debug|x64.ActiveCfg = Debug|x64
		{A5785DD6-4BED-47D9-B4A1-A25BC6BE19E7}.Debug|x64.Build.0 = Debug|x64
		{A5785DD6-4BED-47D9-B4A1-A25BC6BE19E7}.Debug|x86.ActiveCfg = Debug|Win32
		{A5785DD6-4BED-47D9-B4A1-A25BC6BE19E7}.Debug|x86.Build.0 = Debug|Win32
		{A5785DD6-4BED-47D9-B4A1-A25BC6BE19E7}.Release|x64.ActiveCfg = Release|x64
		{A5785DD6-4BED-47D9-B4A1-A25BC6BE19E7}.Release|x64.Build.0 = Release|x64
		{A5785DD6-4BED-47D9-B4A1-A25BC6BE19E7}.Release|x86.ActiveCfg = Release|Win32
		{A5785DD6-4BED-47D9-B4A1-A25BC6BE19E7}.Release|x86.Build.0 = Release|Win32
		{40AF29C7-4F72-4779-A7F2-49C1E562D964}.Debug|x64.ActiveCfg = Debug|x64
		{40AF29C7-4F72-4779-A7F2-49C1E562D964}.Debug|x64.Build.0 = Debug|x64
		{40AF29C7-4F72-4779-A7F2-49C1E562D964}.Debug|x86.ActiveCfg = Debug|Win32
		{40AF29C7-4F72-4779-A7F2-49C1E562D964}.Debug|x86.Build.0 = Debug|Win32
		{40AF29C7-4F72-4779-A7F2-49C1E562D964}.Release|x64.ActiveCfg = Release|x64
		{40AF29C7-4F72-4779-A7F2-49C1E562D964}.Release|x64.Build.0 = Release|x64
		{40AF29C7-4F72-4779-A7F2-49C1E562D964}.Release|x86.ActiveCfg = Release|Win32
		{40AF29C7-4F72-4779-A7F2-49C1E562D964}.Release|x86.Build.0 = Release|Win32
	EndGlobalSection
	GlobalSection(SolutionProperties) = preSolution
		HideSolutionNode = FALSE
	EndGlobalSection
	GlobalSection(ExtensibilityGlobals) = postSolution
		SolutionGuid = {A6185FBE-BBDD-4906-9577-12301647572E}
	EndGlobalSection
EndGlobal
